// !$*UTF8*$!
{
	archiveVersion = 1;
	classes = {
	};
	objectVersion = 56;
	objects = {

/* Begin PBXBuildFile section */
		1731C51D2BF74969002B59FE /* TargetSelectView.swift in Sources */ = {isa = PBXBuildFile; fileRef = 1731C51C2BF74969002B59FE /* TargetSelectView.swift */; };
		173B49DC2BF72C5600FC4FEC /* Theme.swift in Sources */ = {isa = PBXBuildFile; fileRef = 173B49DB2BF72C5600FC4FEC /* Theme.swift */; };
		17756DB22BF5FE320067E10D /* ContentTabView.swift in Sources */ = {isa = PBXBuildFile; fileRef = 17756DAF2BF5FE320067E10D /* ContentTabView.swift */; };
		17756DB32BF5FE320067E10D /* ChallengeView.swift in Sources */ = {isa = PBXBuildFile; fileRef = 17756DB02BF5FE320067E10D /* ChallengeView.swift */; };
		17AB3C152BF7D12C00A725B7 /* ReviewRecordingView.swift in Sources */ = {isa = PBXBuildFile; fileRef = 17AB3C142BF7D12C00A725B7 /* ReviewRecordingView.swift */; };
		17AB3C172BFA3E9600A725B7 /* RecordingView.swift in Sources */ = {isa = PBXBuildFile; fileRef = 17AB3C162BFA3E9600A725B7 /* RecordingView.swift */; };
		CCC074252BFB1EC000401B25 /* HistoryView.swift in Sources */ = {isa = PBXBuildFile; fileRef = CCC074242BFB1EC000401B25 /* HistoryView.swift */; };
		CCC074272BFB1F2E00401B25 /* HistoryDetailVIew.swift in Sources */ = {isa = PBXBuildFile; fileRef = CCC074262BFB1F2E00401B25 /* HistoryDetailVIew.swift */; };
		CCC074292BFB1F5000401B25 /* HistoryFilterView.swift in Sources */ = {isa = PBXBuildFile; fileRef = CCC074282BFB1F5000401B25 /* HistoryFilterView.swift */; };
		DF32E17F2BFA1B730084B28C /* DottedDivider.swift in Sources */ = {isa = PBXBuildFile; fileRef = DF32E17E2BFA1B730084B28C /* DottedDivider.swift */; };
		DF32E1822BFA40780084B28C /* SwiftDataManager.swift in Sources */ = {isa = PBXBuildFile; fileRef = DF32E1812BFA40780084B28C /* SwiftDataManager.swift */; };
		DF32E1842BFA48660084B28C /* AVFoundationManager.swift in Sources */ = {isa = PBXBuildFile; fileRef = DF32E1832BFA48660084B28C /* AVFoundationManager.swift */; };
		DF32E1862BFA4B3A0084B28C /* AVFoundationTestView.swift in Sources */ = {isa = PBXBuildFile; fileRef = DF32E1852BFA4B3A0084B28C /* AVFoundationTestView.swift */; };
		DFBE0BC32BF32CB400246814 /* F_UPApp.swift in Sources */ = {isa = PBXBuildFile; fileRef = DFBE0BC22BF32CB400246814 /* F_UPApp.swift */; };
		DFBE0BC52BF32CB400246814 /* ContentView.swift in Sources */ = {isa = PBXBuildFile; fileRef = DFBE0BC42BF32CB400246814 /* ContentView.swift */; };
		DFBE0BC72BF32CB400246814 /* History.swift in Sources */ = {isa = PBXBuildFile; fileRef = DFBE0BC62BF32CB400246814 /* History.swift */; };
		DFBE0BC92BF32CB600246814 /* Assets.xcassets in Resources */ = {isa = PBXBuildFile; fileRef = DFBE0BC82BF32CB600246814 /* Assets.xcassets */; };
		DFBE0BCC2BF32CB600246814 /* Preview Assets.xcassets in Resources */ = {isa = PBXBuildFile; fileRef = DFBE0BCB2BF32CB600246814 /* Preview Assets.xcassets */; };
		DFBE0BDA2BF4DB4E00246814 /* Enums.swift in Sources */ = {isa = PBXBuildFile; fileRef = DFBE0BD92BF4DB4E00246814 /* Enums.swift */; };
		DFBE0BEF2BF7289A00246814 /* CarouselView.swift in Sources */ = {isa = PBXBuildFile; fileRef = DFBE0BEE2BF7289A00246814 /* CarouselView.swift */; };
/* End PBXBuildFile section */

/* Begin PBXFileReference section */
		1731C51C2BF74969002B59FE /* TargetSelectView.swift */ = {isa = PBXFileReference; fileEncoding = 4; lastKnownFileType = sourcecode.swift; path = TargetSelectView.swift; sourceTree = "<group>"; };
		173B49DB2BF72C5600FC4FEC /* Theme.swift */ = {isa = PBXFileReference; lastKnownFileType = sourcecode.swift; path = Theme.swift; sourceTree = "<group>"; };
		17756DAF2BF5FE320067E10D /* ContentTabView.swift */ = {isa = PBXFileReference; fileEncoding = 4; lastKnownFileType = sourcecode.swift; path = ContentTabView.swift; sourceTree = "<group>"; };
		17756DB02BF5FE320067E10D /* ChallengeView.swift */ = {isa = PBXFileReference; fileEncoding = 4; lastKnownFileType = sourcecode.swift; path = ChallengeView.swift; sourceTree = "<group>"; };
		17AB3C142BF7D12C00A725B7 /* ReviewRecordingView.swift */ = {isa = PBXFileReference; lastKnownFileType = sourcecode.swift; path = ReviewRecordingView.swift; sourceTree = "<group>"; };
		17AB3C162BFA3E9600A725B7 /* RecordingView.swift */ = {isa = PBXFileReference; lastKnownFileType = sourcecode.swift; path = RecordingView.swift; sourceTree = "<group>"; };
		CCC074242BFB1EC000401B25 /* HistoryView.swift */ = {isa = PBXFileReference; lastKnownFileType = sourcecode.swift; path = HistoryView.swift; sourceTree = "<group>"; };
		CCC074262BFB1F2E00401B25 /* HistoryDetailVIew.swift */ = {isa = PBXFileReference; lastKnownFileType = sourcecode.swift; path = HistoryDetailVIew.swift; sourceTree = "<group>"; };
		CCC074282BFB1F5000401B25 /* HistoryFilterView.swift */ = {isa = PBXFileReference; lastKnownFileType = sourcecode.swift; path = HistoryFilterView.swift; sourceTree = "<group>"; };
		DF32E17E2BFA1B730084B28C /* DottedDivider.swift */ = {isa = PBXFileReference; lastKnownFileType = sourcecode.swift; path = DottedDivider.swift; sourceTree = "<group>"; };
		DF32E1812BFA40780084B28C /* SwiftDataManager.swift */ = {isa = PBXFileReference; lastKnownFileType = sourcecode.swift; path = SwiftDataManager.swift; sourceTree = "<group>"; };
		DF32E1832BFA48660084B28C /* AVFoundationManager.swift */ = {isa = PBXFileReference; lastKnownFileType = sourcecode.swift; path = AVFoundationManager.swift; sourceTree = "<group>"; };
		DF32E1852BFA4B3A0084B28C /* AVFoundationTestView.swift */ = {isa = PBXFileReference; lastKnownFileType = sourcecode.swift; path = AVFoundationTestView.swift; sourceTree = "<group>"; };
		DFBE0BBF2BF32CB400246814 /* F-UP.app */ = {isa = PBXFileReference; explicitFileType = wrapper.application; includeInIndex = 0; path = "F-UP.app"; sourceTree = BUILT_PRODUCTS_DIR; };
		DFBE0BC22BF32CB400246814 /* F_UPApp.swift */ = {isa = PBXFileReference; lastKnownFileType = sourcecode.swift; path = F_UPApp.swift; sourceTree = "<group>"; };
		DFBE0BC42BF32CB400246814 /* ContentView.swift */ = {isa = PBXFileReference; lastKnownFileType = sourcecode.swift; path = ContentView.swift; sourceTree = "<group>"; };
		DFBE0BC62BF32CB400246814 /* History.swift */ = {isa = PBXFileReference; lastKnownFileType = sourcecode.swift; path = History.swift; sourceTree = "<group>"; };
		DFBE0BC82BF32CB600246814 /* Assets.xcassets */ = {isa = PBXFileReference; lastKnownFileType = folder.assetcatalog; path = Assets.xcassets; sourceTree = "<group>"; };
		DFBE0BCB2BF32CB600246814 /* Preview Assets.xcassets */ = {isa = PBXFileReference; lastKnownFileType = folder.assetcatalog; path = "Preview Assets.xcassets"; sourceTree = "<group>"; };
		DFBE0BD92BF4DB4E00246814 /* Enums.swift */ = {isa = PBXFileReference; lastKnownFileType = sourcecode.swift; path = Enums.swift; sourceTree = "<group>"; };
		DFBE0BEE2BF7289A00246814 /* CarouselView.swift */ = {isa = PBXFileReference; lastKnownFileType = sourcecode.swift; path = CarouselView.swift; sourceTree = "<group>"; };
/* End PBXFileReference section */

/* Begin PBXFrameworksBuildPhase section */
		DFBE0BBC2BF32CB400246814 /* Frameworks */ = {
			isa = PBXFrameworksBuildPhase;
			buildActionMask = 2147483647;
			files = (
			);
			runOnlyForDeploymentPostprocessing = 0;
		};
/* End PBXFrameworksBuildPhase section */

/* Begin PBXGroup section */
		1731C51E2BF749B0002B59FE /* RecordReview */ = {
			isa = PBXGroup;
			children = (
				17AB3C162BFA3E9600A725B7 /* RecordingView.swift */,
				17AB3C142BF7D12C00A725B7 /* ReviewRecordingView.swift */,
				1731C51C2BF74969002B59FE /* TargetSelectView.swift */,
			);
			path = RecordReview;
			sourceTree = "<group>";
		};
		173B49D62BF7240E00FC4FEC /* Models */ = {
			isa = PBXGroup;
			children = (
				DFBE0BD92BF4DB4E00246814 /* Enums.swift */,
				DFBE0BC62BF32CB400246814 /* History.swift */,
				173B49DB2BF72C5600FC4FEC /* Theme.swift */,
			);
			path = Models;
			sourceTree = "<group>";
		};
		173B49D72BF7241200FC4FEC /* App */ = {
			isa = PBXGroup;
			children = (
				DFBE0BC22BF32CB400246814 /* F_UPApp.swift */,
			);
			path = App;
			sourceTree = "<group>";
		};
		173B49D82BF7241900FC4FEC /* Resources */ = {
			isa = PBXGroup;
			children = (
				DFBE0BC82BF32CB600246814 /* Assets.xcassets */,
			);
			path = Resources;
			sourceTree = "<group>";
		};
		17756DAE2BF5FE320067E10D /* Views */ = {
			isa = PBXGroup;
			children = (
				CCC074232BFB1E9F00401B25 /* History */,
				DF32E1872BFA642D0084B28C /* Temp */,
				1731C51E2BF749B0002B59FE /* RecordReview */,
				DFBE0BC42BF32CB400246814 /* ContentView.swift */,
				17756DAF2BF5FE320067E10D /* ContentTabView.swift */,
				17756DB02BF5FE320067E10D /* ChallengeView.swift */,
				DFBE0BEE2BF7289A00246814 /* CarouselView.swift */,
			);
			path = Views;
			sourceTree = "<group>";
		};
		CCC074232BFB1E9F00401B25 /* History */ = {
			isa = PBXGroup;
			children = (
				CCC074242BFB1EC000401B25 /* HistoryView.swift */,
				CCC074262BFB1F2E00401B25 /* HistoryDetailVIew.swift */,
				CCC074282BFB1F5000401B25 /* HistoryFilterView.swift */,
			);
			path = History;
			sourceTree = "<group>";
		};
		DF32E17D2BFA1B580084B28C /* Components */ = {
			isa = PBXGroup;
			children = (
				DF32E17E2BFA1B730084B28C /* DottedDivider.swift */,
			);
			path = Components;
			sourceTree = "<group>";
		};
		DF32E1802BFA406C0084B28C /* Manager */ = {
			isa = PBXGroup;
			children = (
				DF32E1812BFA40780084B28C /* SwiftDataManager.swift */,
				DF32E1832BFA48660084B28C /* AVFoundationManager.swift */,
			);
			path = Manager;
			sourceTree = "<group>";
		};
		DF32E1872BFA642D0084B28C /* Temp */ = {
			isa = PBXGroup;
			children = (
				DF32E1852BFA4B3A0084B28C /* AVFoundationTestView.swift */,
			);
			path = Temp;
			sourceTree = "<group>";
		};
		DFBE0BB62BF32CB400246814 = {
			isa = PBXGroup;
			children = (
				DFBE0BC12BF32CB400246814 /* F-UP */,
				DFBE0BC02BF32CB400246814 /* Products */,
			);
			sourceTree = "<group>";
		};
		DFBE0BC02BF32CB400246814 /* Products */ = {
			isa = PBXGroup;
			children = (
				DFBE0BBF2BF32CB400246814 /* F-UP.app */,
			);
			name = Products;
			sourceTree = "<group>";
		};
		DFBE0BC12BF32CB400246814 /* F-UP */ = {
			isa = PBXGroup;
			children = (
				DF32E1802BFA406C0084B28C /* Manager */,
				DF32E17D2BFA1B580084B28C /* Components */,
				173B49D72BF7241200FC4FEC /* App */,
				173B49D62BF7240E00FC4FEC /* Models */,
				17756DAE2BF5FE320067E10D /* Views */,
				173B49D82BF7241900FC4FEC /* Resources */,
				DFBE0BCA2BF32CB600246814 /* Preview Content */,
			);
			path = "F-UP";
			sourceTree = "<group>";
		};
		DFBE0BCA2BF32CB600246814 /* Preview Content */ = {
			isa = PBXGroup;
			children = (
				DFBE0BCB2BF32CB600246814 /* Preview Assets.xcassets */,
			);
			path = "Preview Content";
			sourceTree = "<group>";
		};
/* End PBXGroup section */

/* Begin PBXNativeTarget section */
		DFBE0BBE2BF32CB400246814 /* F-UP */ = {
			isa = PBXNativeTarget;
			buildConfigurationList = DFBE0BCF2BF32CB600246814 /* Build configuration list for PBXNativeTarget "F-UP" */;
			buildPhases = (
				DFBE0BBB2BF32CB400246814 /* Sources */,
				DFBE0BBC2BF32CB400246814 /* Frameworks */,
				DFBE0BBD2BF32CB400246814 /* Resources */,
			);
			buildRules = (
			);
			dependencies = (
			);
			name = "F-UP";
			productName = "F-UP";
			productReference = DFBE0BBF2BF32CB400246814 /* F-UP.app */;
			productType = "com.apple.product-type.application";
		};
/* End PBXNativeTarget section */

/* Begin PBXProject section */
		DFBE0BB72BF32CB400246814 /* Project object */ = {
			isa = PBXProject;
			attributes = {
				BuildIndependentTargetsInParallel = 1;
				LastSwiftUpdateCheck = 1520;
				LastUpgradeCheck = 1520;
				TargetAttributes = {
					DFBE0BBE2BF32CB400246814 = {
						CreatedOnToolsVersion = 15.2;
					};
				};
			};
			buildConfigurationList = DFBE0BBA2BF32CB400246814 /* Build configuration list for PBXProject "F-UP" */;
			compatibilityVersion = "Xcode 14.0";
			developmentRegion = en;
			hasScannedForEncodings = 0;
			knownRegions = (
				en,
				Base,
			);
			mainGroup = DFBE0BB62BF32CB400246814;
			productRefGroup = DFBE0BC02BF32CB400246814 /* Products */;
			projectDirPath = "";
			projectRoot = "";
			targets = (
				DFBE0BBE2BF32CB400246814 /* F-UP */,
			);
		};
/* End PBXProject section */

/* Begin PBXResourcesBuildPhase section */
		DFBE0BBD2BF32CB400246814 /* Resources */ = {
			isa = PBXResourcesBuildPhase;
			buildActionMask = 2147483647;
			files = (
				DFBE0BCC2BF32CB600246814 /* Preview Assets.xcassets in Resources */,
				DFBE0BC92BF32CB600246814 /* Assets.xcassets in Resources */,
			);
			runOnlyForDeploymentPostprocessing = 0;
		};
/* End PBXResourcesBuildPhase section */

/* Begin PBXSourcesBuildPhase section */
		DFBE0BBB2BF32CB400246814 /* Sources */ = {
			isa = PBXSourcesBuildPhase;
			buildActionMask = 2147483647;
			files = (
				CCC074272BFB1F2E00401B25 /* HistoryDetailVIew.swift in Sources */,
				DF32E17F2BFA1B730084B28C /* DottedDivider.swift in Sources */,
				DF32E1822BFA40780084B28C /* SwiftDataManager.swift in Sources */,
				17AB3C152BF7D12C00A725B7 /* ReviewRecordingView.swift in Sources */,
				173B49DC2BF72C5600FC4FEC /* Theme.swift in Sources */,
				DFBE0BDA2BF4DB4E00246814 /* Enums.swift in Sources */,
				17756DB22BF5FE320067E10D /* ContentTabView.swift in Sources */,
				CCC074292BFB1F5000401B25 /* HistoryFilterView.swift in Sources */,
				CCC074252BFB1EC000401B25 /* HistoryView.swift in Sources */,
				1731C51D2BF74969002B59FE /* TargetSelectView.swift in Sources */,
				17756DB32BF5FE320067E10D /* ChallengeView.swift in Sources */,
				DFBE0BC52BF32CB400246814 /* ContentView.swift in Sources */,
				DF32E1842BFA48660084B28C /* AVFoundationManager.swift in Sources */,
				DFBE0BC72BF32CB400246814 /* History.swift in Sources */,
				DFBE0BEF2BF7289A00246814 /* CarouselView.swift in Sources */,
				DF32E1862BFA4B3A0084B28C /* AVFoundationTestView.swift in Sources */,
				DFBE0BC32BF32CB400246814 /* F_UPApp.swift in Sources */,
				17AB3C172BFA3E9600A725B7 /* RecordingView.swift in Sources */,
			);
			runOnlyForDeploymentPostprocessing = 0;
		};
/* End PBXSourcesBuildPhase section */

/* Begin XCBuildConfiguration section */
		DFBE0BCD2BF32CB600246814 /* Debug */ = {
			isa = XCBuildConfiguration;
			buildSettings = {
				ALWAYS_SEARCH_USER_PATHS = NO;
				ASSETCATALOG_COMPILER_GENERATE_SWIFT_ASSET_SYMBOL_EXTENSIONS = YES;
				CLANG_ANALYZER_NONNULL = YES;
				CLANG_ANALYZER_NUMBER_OBJECT_CONVERSION = YES_AGGRESSIVE;
				CLANG_CXX_LANGUAGE_STANDARD = "gnu++20";
				CLANG_ENABLE_MODULES = YES;
				CLANG_ENABLE_OBJC_ARC = YES;
				CLANG_ENABLE_OBJC_WEAK = YES;
				CLANG_WARN_BLOCK_CAPTURE_AUTORELEASING = YES;
				CLANG_WARN_BOOL_CONVERSION = YES;
				CLANG_WARN_COMMA = YES;
				CLANG_WARN_CONSTANT_CONVERSION = YES;
				CLANG_WARN_DEPRECATED_OBJC_IMPLEMENTATIONS = YES;
				CLANG_WARN_DIRECT_OBJC_ISA_USAGE = YES_ERROR;
				CLANG_WARN_DOCUMENTATION_COMMENTS = YES;
				CLANG_WARN_EMPTY_BODY = YES;
				CLANG_WARN_ENUM_CONVERSION = YES;
				CLANG_WARN_INFINITE_RECURSION = YES;
				CLANG_WARN_INT_CONVERSION = YES;
				CLANG_WARN_NON_LITERAL_NULL_CONVERSION = YES;
				CLANG_WARN_OBJC_IMPLICIT_RETAIN_SELF = YES;
				CLANG_WARN_OBJC_LITERAL_CONVERSION = YES;
				CLANG_WARN_OBJC_ROOT_CLASS = YES_ERROR;
				CLANG_WARN_QUOTED_INCLUDE_IN_FRAMEWORK_HEADER = YES;
				CLANG_WARN_RANGE_LOOP_ANALYSIS = YES;
				CLANG_WARN_STRICT_PROTOTYPES = YES;
				CLANG_WARN_SUSPICIOUS_MOVE = YES;
				CLANG_WARN_UNGUARDED_AVAILABILITY = YES_AGGRESSIVE;
				CLANG_WARN_UNREACHABLE_CODE = YES;
				CLANG_WARN__DUPLICATE_METHOD_MATCH = YES;
				COPY_PHASE_STRIP = NO;
				DEBUG_INFORMATION_FORMAT = dwarf;
				ENABLE_STRICT_OBJC_MSGSEND = YES;
				ENABLE_TESTABILITY = YES;
				ENABLE_USER_SCRIPT_SANDBOXING = YES;
				GCC_C_LANGUAGE_STANDARD = gnu17;
				GCC_DYNAMIC_NO_PIC = NO;
				GCC_NO_COMMON_BLOCKS = YES;
				GCC_OPTIMIZATION_LEVEL = 0;
				GCC_PREPROCESSOR_DEFINITIONS = (
					"DEBUG=1",
					"$(inherited)",
				);
				GCC_WARN_64_TO_32_BIT_CONVERSION = YES;
				GCC_WARN_ABOUT_RETURN_TYPE = YES_ERROR;
				GCC_WARN_UNDECLARED_SELECTOR = YES;
				GCC_WARN_UNINITIALIZED_AUTOS = YES_AGGRESSIVE;
				GCC_WARN_UNUSED_FUNCTION = YES;
				GCC_WARN_UNUSED_VARIABLE = YES;
				IPHONEOS_DEPLOYMENT_TARGET = 17.2;
				LOCALIZATION_PREFERS_STRING_CATALOGS = YES;
				MTL_ENABLE_DEBUG_INFO = INCLUDE_SOURCE;
				MTL_FAST_MATH = YES;
				ONLY_ACTIVE_ARCH = YES;
				SDKROOT = iphoneos;
				SWIFT_ACTIVE_COMPILATION_CONDITIONS = "DEBUG $(inherited)";
				SWIFT_OPTIMIZATION_LEVEL = "-Onone";
			};
			name = Debug;
		};
		DFBE0BCE2BF32CB600246814 /* Release */ = {
			isa = XCBuildConfiguration;
			buildSettings = {
				ALWAYS_SEARCH_USER_PATHS = NO;
				ASSETCATALOG_COMPILER_GENERATE_SWIFT_ASSET_SYMBOL_EXTENSIONS = YES;
				CLANG_ANALYZER_NONNULL = YES;
				CLANG_ANALYZER_NUMBER_OBJECT_CONVERSION = YES_AGGRESSIVE;
				CLANG_CXX_LANGUAGE_STANDARD = "gnu++20";
				CLANG_ENABLE_MODULES = YES;
				CLANG_ENABLE_OBJC_ARC = YES;
				CLANG_ENABLE_OBJC_WEAK = YES;
				CLANG_WARN_BLOCK_CAPTURE_AUTORELEASING = YES;
				CLANG_WARN_BOOL_CONVERSION = YES;
				CLANG_WARN_COMMA = YES;
				CLANG_WARN_CONSTANT_CONVERSION = YES;
				CLANG_WARN_DEPRECATED_OBJC_IMPLEMENTATIONS = YES;
				CLANG_WARN_DIRECT_OBJC_ISA_USAGE = YES_ERROR;
				CLANG_WARN_DOCUMENTATION_COMMENTS = YES;
				CLANG_WARN_EMPTY_BODY = YES;
				CLANG_WARN_ENUM_CONVERSION = YES;
				CLANG_WARN_INFINITE_RECURSION = YES;
				CLANG_WARN_INT_CONVERSION = YES;
				CLANG_WARN_NON_LITERAL_NULL_CONVERSION = YES;
				CLANG_WARN_OBJC_IMPLICIT_RETAIN_SELF = YES;
				CLANG_WARN_OBJC_LITERAL_CONVERSION = YES;
				CLANG_WARN_OBJC_ROOT_CLASS = YES_ERROR;
				CLANG_WARN_QUOTED_INCLUDE_IN_FRAMEWORK_HEADER = YES;
				CLANG_WARN_RANGE_LOOP_ANALYSIS = YES;
				CLANG_WARN_STRICT_PROTOTYPES = YES;
				CLANG_WARN_SUSPICIOUS_MOVE = YES;
				CLANG_WARN_UNGUARDED_AVAILABILITY = YES_AGGRESSIVE;
				CLANG_WARN_UNREACHABLE_CODE = YES;
				CLANG_WARN__DUPLICATE_METHOD_MATCH = YES;
				COPY_PHASE_STRIP = NO;
				DEBUG_INFORMATION_FORMAT = "dwarf-with-dsym";
				ENABLE_NS_ASSERTIONS = NO;
				ENABLE_STRICT_OBJC_MSGSEND = YES;
				ENABLE_USER_SCRIPT_SANDBOXING = YES;
				GCC_C_LANGUAGE_STANDARD = gnu17;
				GCC_NO_COMMON_BLOCKS = YES;
				GCC_WARN_64_TO_32_BIT_CONVERSION = YES;
				GCC_WARN_ABOUT_RETURN_TYPE = YES_ERROR;
				GCC_WARN_UNDECLARED_SELECTOR = YES;
				GCC_WARN_UNINITIALIZED_AUTOS = YES_AGGRESSIVE;
				GCC_WARN_UNUSED_FUNCTION = YES;
				GCC_WARN_UNUSED_VARIABLE = YES;
				IPHONEOS_DEPLOYMENT_TARGET = 17.2;
				LOCALIZATION_PREFERS_STRING_CATALOGS = YES;
				MTL_ENABLE_DEBUG_INFO = NO;
				MTL_FAST_MATH = YES;
				SDKROOT = iphoneos;
				SWIFT_COMPILATION_MODE = wholemodule;
				VALIDATE_PRODUCT = YES;
			};
			name = Release;
		};
		DFBE0BD02BF32CB600246814 /* Debug */ = {
			isa = XCBuildConfiguration;
			buildSettings = {
				ASSETCATALOG_COMPILER_APPICON_NAME = AppIcon;
				ASSETCATALOG_COMPILER_GLOBAL_ACCENT_COLOR_NAME = AccentColor;
				CODE_SIGN_STYLE = Automatic;
				CURRENT_PROJECT_VERSION = 1;
				DEVELOPMENT_ASSET_PATHS = "\"F-UP/Preview Content\"";
				DEVELOPMENT_TEAM = 47PZ53ZAF2;
				ENABLE_PREVIEWS = YES;
				GENERATE_INFOPLIST_FILE = YES;
				INFOPLIST_KEY_UIApplicationSceneManifest_Generation = YES;
				INFOPLIST_KEY_UIApplicationSupportsIndirectInputEvents = YES;
				INFOPLIST_KEY_UILaunchScreen_Generation = YES;
				INFOPLIST_KEY_UISupportedInterfaceOrientations_iPad = "UIInterfaceOrientationPortrait UIInterfaceOrientationPortraitUpsideDown UIInterfaceOrientationLandscapeLeft UIInterfaceOrientationLandscapeRight";
				INFOPLIST_KEY_UISupportedInterfaceOrientations_iPhone = "UIInterfaceOrientationPortrait UIInterfaceOrientationLandscapeLeft UIInterfaceOrientationLandscapeRight";
				LD_RUNPATH_SEARCH_PATHS = (
					"$(inherited)",
					"@executable_path/Frameworks",
				);
				MARKETING_VERSION = 1.0;
				PRODUCT_BUNDLE_IDENTIFIER = "com.f-up.F-UP";
				PRODUCT_NAME = "$(TARGET_NAME)";
				SWIFT_EMIT_LOC_STRINGS = YES;
				SWIFT_VERSION = 5.0;
				TARGETED_DEVICE_FAMILY = "1,2";
			};
			name = Debug;
		};
		DFBE0BD12BF32CB600246814 /* Release */ = {
			isa = XCBuildConfiguration;
			buildSettings = {
				ASSETCATALOG_COMPILER_APPICON_NAME = AppIcon;
				ASSETCATALOG_COMPILER_GLOBAL_ACCENT_COLOR_NAME = AccentColor;
				CODE_SIGN_STYLE = Automatic;
				CURRENT_PROJECT_VERSION = 1;
				DEVELOPMENT_ASSET_PATHS = "\"F-UP/Preview Content\"";
				DEVELOPMENT_TEAM = 47PZ53ZAF2;
				ENABLE_PREVIEWS = YES;
				GENERATE_INFOPLIST_FILE = YES;
				INFOPLIST_KEY_UIApplicationSceneManifest_Generation = YES;
				INFOPLIST_KEY_UIApplicationSupportsIndirectInputEvents = YES;
				INFOPLIST_KEY_UILaunchScreen_Generation = YES;
				INFOPLIST_KEY_UISupportedInterfaceOrientations_iPad = "UIInterfaceOrientationPortrait UIInterfaceOrientationPortraitUpsideDown UIInterfaceOrientationLandscapeLeft UIInterfaceOrientationLandscapeRight";
				INFOPLIST_KEY_UISupportedInterfaceOrientations_iPhone = "UIInterfaceOrientationPortrait UIInterfaceOrientationLandscapeLeft UIInterfaceOrientationLandscapeRight";
				LD_RUNPATH_SEARCH_PATHS = (
					"$(inherited)",
					"@executable_path/Frameworks",
				);
				MARKETING_VERSION = 1.0;
				PRODUCT_BUNDLE_IDENTIFIER = "com.f-up.F-UP";
				PRODUCT_NAME = "$(TARGET_NAME)";
				SWIFT_EMIT_LOC_STRINGS = YES;
				SWIFT_VERSION = 5.0;
				TARGETED_DEVICE_FAMILY = "1,2";
			};
			name = Release;
		};
/* End XCBuildConfiguration section */

/* Begin XCConfigurationList section */
		DFBE0BBA2BF32CB400246814 /* Build configuration list for PBXProject "F-UP" */ = {
			isa = XCConfigurationList;
			buildConfigurations = (
				DFBE0BCD2BF32CB600246814 /* Debug */,
				DFBE0BCE2BF32CB600246814 /* Release */,
			);
			defaultConfigurationIsVisible = 0;
			defaultConfigurationName = Release;
		};
		DFBE0BCF2BF32CB600246814 /* Build configuration list for PBXNativeTarget "F-UP" */ = {
			isa = XCConfigurationList;
			buildConfigurations = (
				DFBE0BD02BF32CB600246814 /* Debug */,
				DFBE0BD12BF32CB600246814 /* Release */,
			);
			defaultConfigurationIsVisible = 0;
			defaultConfigurationName = Release;
		};
/* End XCConfigurationList section */
	};
	rootObject = DFBE0BB72BF32CB400246814 /* Project object */;
}
